// !$*UTF8*$!
{
	archiveVersion = 1;
	classes = {
	};
	objectVersion = 77;
	objects = {

/* Begin PBXBuildFile section */
		0178B3538C6DA77B75F0C567 /* HistoryItem.swift in Sources */ = {isa = PBXBuildFile; fileRef = CCA0439ECBF3DC7534DCBBB7 /* HistoryItem.swift */; };
		102A8B628F06E4F86F2C38DA /* WarikanEngine.swift in Sources */ = {isa = PBXBuildFile; fileRef = 44C4EC6F1FA1758C2A83139E /* WarikanEngine.swift */; };
		1B340510A3470B3CEA135C14 /* FormulaSheetView.swift in Sources */ = {isa = PBXBuildFile; fileRef = E0FB3226D80091A48C34606F /* FormulaSheetView.swift */; };
		1C0B50159F1752185B772866 /* SideMenuOverlay.swift in Sources */ = {isa = PBXBuildFile; fileRef = 0481A2D3ECD3D4BFE3DC6DD6 /* SideMenuOverlay.swift */; };
		1C4864E4543C4F126D47C257 /* HistoryStore.swift in Sources */ = {isa = PBXBuildFile; fileRef = 20761C52EB7E01A8BFAF1C64 /* HistoryStore.swift */; };
		1D5778294CD8EE6FE8AA57EE /* CalculatorApp.swift in Sources */ = {isa = PBXBuildFile; fileRef = DCC24F3DA32A1242D6B7D766 /* CalculatorApp.swift */; };
		1F05B3448158D724047956EB /* DynamicFontModifier.swift in Sources */ = {isa = PBXBuildFile; fileRef = 28046F0B775BBFE2673AFDC4 /* DynamicFontModifier.swift */; };
		30B54BB58DCDEC3468D2A2E2 /* CalcEngine.swift in Sources */ = {isa = PBXBuildFile; fileRef = 38E83AA3A4E2085607F8A77D /* CalcEngine.swift */; };
		48584ECD12C6AFB186C45807 /* Assets.xcassets in Resources */ = {isa = PBXBuildFile; fileRef = EBCA15B5345012EB58093078 /* Assets.xcassets */; };
		4A9CDA08E9C590E532D0E024 /* CardStyles.swift in Sources */ = {isa = PBXBuildFile; fileRef = 8DE26E9EEFF60E2FACBDCF7D /* CardStyles.swift */; };
		592E038079357356DDD0EE63 /* CalcDisplay.swift in Sources */ = {isa = PBXBuildFile; fileRef = 5AEA8500C448A11BF279B5A2 /* CalcDisplay.swift */; };
		5D138D8782EB33104E8F7E6A /* DesignTokens.swift in Sources */ = {isa = PBXBuildFile; fileRef = 177CA55216DDDC589027FB19 /* DesignTokens.swift */; };
		623745B3FEB82CC81053A94F /* WarikanView.swift in Sources */ = {isa = PBXBuildFile; fileRef = 80EEDB091E4CBA53F6FE0B62 /* WarikanView.swift */; };
		64AE174A2E81D992BF76460A /* HomeCalculatorView.swift in Sources */ = {isa = PBXBuildFile; fileRef = CDDC407D7BED508130C30EC2 /* HomeCalculatorView.swift */; };
		6B8804304B29626FB103365A /* SpecialPayment.swift in Sources */ = {isa = PBXBuildFile; fileRef = 3587C82E6BC6FEE46CC58EBC /* SpecialPayment.swift */; };
		83A0A4B0C0DC934EC8C7973E /* ContentView.swift in Sources */ = {isa = PBXBuildFile; fileRef = A9091841089332DCC80AD5A7 /* ContentView.swift */; };
		85A0681691D2A6ED91DD6A64 /* AppTheme.swift in Sources */ = {isa = PBXBuildFile; fileRef = 68E869B6677E29EC587EBD01 /* AppTheme.swift */; };
		8B17C43407F58687675E22C7 /* SideMenuTriggerButton.swift in Sources */ = {isa = PBXBuildFile; fileRef = 0444C593966659BDE54DC87A /* SideMenuTriggerButton.swift */; };
		A33EEA92233042B7A7DFE3C7 /* ColorExtensions.swift in Sources */ = {isa = PBXBuildFile; fileRef = 91468411A8BF41B3741A0742 /* ColorExtensions.swift */; };
		AC28EEC8CD31A799F81D244F /* CalcKeypad.swift in Sources */ = {isa = PBXBuildFile; fileRef = 28346D144B3DF5FF249308AC /* CalcKeypad.swift */; };
		B5965FEE5A1786C3A9702333 /* HistoryView.swift in Sources */ = {isa = PBXBuildFile; fileRef = 029C002F53F45C5AA977D03F /* HistoryView.swift */; };
		B89C5710431DB74388997E6D /* SpecialPaymentRow.swift in Sources */ = {isa = PBXBuildFile; fileRef = 59D7F99E843611E9E056A8E4 /* SpecialPaymentRow.swift */; };
		BBFDEA38DA3933329E4D94A9 /* SaveDialog.swift in Sources */ = {isa = PBXBuildFile; fileRef = 628318E5805A17A3C4DCCC59 /* SaveDialog.swift */; };
		CD4A07EC9EFE2F1CB9D2EAAA /* DayCountView.swift in Sources */ = {isa = PBXBuildFile; fileRef = 36922857AF27927201C20D47 /* DayCountView.swift */; };
		E0F17F43B3939D6D5ABBE609 /* SideMenu.swift in Sources */ = {isa = PBXBuildFile; fileRef = E4F7A8505A3C9C6ED9ECC317 /* SideMenu.swift */; };
		E352D55822402AE0F47BB354 /* CalcButton.swift in Sources */ = {isa = PBXBuildFile; fileRef = AEA114E9008F903B917B3FEB /* CalcButton.swift */; };
		E59C57CA6DEE9A8CCEF43471 /* MathToolsView.swift in Sources */ = {isa = PBXBuildFile; fileRef = DB617DE79369F257550B0417 /* MathToolsView.swift */; };
		F7BC20F0E017D93798BFD19B /* DateExtensions.swift in Sources */ = {isa = PBXBuildFile; fileRef = 14823890265944BEC9EC5D99 /* DateExtensions.swift */; };
		F977EDCD1111B8AAAA4DF44F /* GoalCalcView.swift in Sources */ = {isa = PBXBuildFile; fileRef = 283ECE09B4EDEFAE77C5F59F /* GoalCalcView.swift */; };
/* End PBXBuildFile section */

/* Begin PBXFileReference section */
		029C002F53F45C5AA977D03F /* HistoryView.swift */ = {isa = PBXFileReference; lastKnownFileType = sourcecode.swift; path = HistoryView.swift; sourceTree = "<group>"; };
		0444C593966659BDE54DC87A /* SideMenuTriggerButton.swift */ = {isa = PBXFileReference; lastKnownFileType = sourcecode.swift; path = SideMenuTriggerButton.swift; sourceTree = "<group>"; };
		0481A2D3ECD3D4BFE3DC6DD6 /* SideMenuOverlay.swift */ = {isa = PBXFileReference; lastKnownFileType = sourcecode.swift; path = SideMenuOverlay.swift; sourceTree = "<group>"; };
		14823890265944BEC9EC5D99 /* DateExtensions.swift */ = {isa = PBXFileReference; lastKnownFileType = sourcecode.swift; path = DateExtensions.swift; sourceTree = "<group>"; };
		177CA55216DDDC589027FB19 /* DesignTokens.swift */ = {isa = PBXFileReference; lastKnownFileType = sourcecode.swift; path = DesignTokens.swift; sourceTree = "<group>"; };
		20761C52EB7E01A8BFAF1C64 /* HistoryStore.swift */ = {isa = PBXFileReference; lastKnownFileType = sourcecode.swift; path = HistoryStore.swift; sourceTree = "<group>"; };
		28046F0B775BBFE2673AFDC4 /* DynamicFontModifier.swift */ = {isa = PBXFileReference; lastKnownFileType = sourcecode.swift; path = DynamicFontModifier.swift; sourceTree = "<group>"; };
		28346D144B3DF5FF249308AC /* CalcKeypad.swift */ = {isa = PBXFileReference; lastKnownFileType = sourcecode.swift; path = CalcKeypad.swift; sourceTree = "<group>"; };
		283ECE09B4EDEFAE77C5F59F /* GoalCalcView.swift */ = {isa = PBXFileReference; lastKnownFileType = sourcecode.swift; path = GoalCalcView.swift; sourceTree = "<group>"; };
		3587C82E6BC6FEE46CC58EBC /* SpecialPayment.swift */ = {isa = PBXFileReference; lastKnownFileType = sourcecode.swift; path = SpecialPayment.swift; sourceTree = "<group>"; };
		36922857AF27927201C20D47 /* DayCountView.swift */ = {isa = PBXFileReference; lastKnownFileType = sourcecode.swift; path = DayCountView.swift; sourceTree = "<group>"; };
		38E83AA3A4E2085607F8A77D /* CalcEngine.swift */ = {isa = PBXFileReference; lastKnownFileType = sourcecode.swift; path = CalcEngine.swift; sourceTree = "<group>"; };
		3DC02FF328241DAF1CBAFACD /* Calculator.app */ = {isa = PBXFileReference; explicitFileType = wrapper.application; includeInIndex = 0; path = Calculator.app; sourceTree = BUILT_PRODUCTS_DIR; };
		44C4EC6F1FA1758C2A83139E /* WarikanEngine.swift */ = {isa = PBXFileReference; lastKnownFileType = sourcecode.swift; path = WarikanEngine.swift; sourceTree = "<group>"; };
		59D7F99E843611E9E056A8E4 /* SpecialPaymentRow.swift */ = {isa = PBXFileReference; lastKnownFileType = sourcecode.swift; path = SpecialPaymentRow.swift; sourceTree = "<group>"; };
		5AEA8500C448A11BF279B5A2 /* CalcDisplay.swift */ = {isa = PBXFileReference; lastKnownFileType = sourcecode.swift; path = CalcDisplay.swift; sourceTree = "<group>"; };
		628318E5805A17A3C4DCCC59 /* SaveDialog.swift */ = {isa = PBXFileReference; lastKnownFileType = sourcecode.swift; path = SaveDialog.swift; sourceTree = "<group>"; };
		68E869B6677E29EC587EBD01 /* AppTheme.swift */ = {isa = PBXFileReference; lastKnownFileType = sourcecode.swift; path = AppTheme.swift; sourceTree = "<group>"; };
		80EEDB091E4CBA53F6FE0B62 /* WarikanView.swift */ = {isa = PBXFileReference; lastKnownFileType = sourcecode.swift; path = WarikanView.swift; sourceTree = "<group>"; };
		8DE26E9EEFF60E2FACBDCF7D /* CardStyles.swift */ = {isa = PBXFileReference; lastKnownFileType = sourcecode.swift; path = CardStyles.swift; sourceTree = "<group>"; };
		91468411A8BF41B3741A0742 /* ColorExtensions.swift */ = {isa = PBXFileReference; lastKnownFileType = sourcecode.swift; path = ColorExtensions.swift; sourceTree = "<group>"; };
		A9091841089332DCC80AD5A7 /* ContentView.swift */ = {isa = PBXFileReference; lastKnownFileType = sourcecode.swift; path = ContentView.swift; sourceTree = "<group>"; };
		AEA114E9008F903B917B3FEB /* CalcButton.swift */ = {isa = PBXFileReference; lastKnownFileType = sourcecode.swift; path = CalcButton.swift; sourceTree = "<group>"; };
		CCA0439ECBF3DC7534DCBBB7 /* HistoryItem.swift */ = {isa = PBXFileReference; lastKnownFileType = sourcecode.swift; path = HistoryItem.swift; sourceTree = "<group>"; };
		CDDC407D7BED508130C30EC2 /* HomeCalculatorView.swift */ = {isa = PBXFileReference; lastKnownFileType = sourcecode.swift; path = HomeCalculatorView.swift; sourceTree = "<group>"; };
		DB617DE79369F257550B0417 /* MathToolsView.swift */ = {isa = PBXFileReference; lastKnownFileType = sourcecode.swift; path = MathToolsView.swift; sourceTree = "<group>"; };
		DCC24F3DA32A1242D6B7D766 /* CalculatorApp.swift */ = {isa = PBXFileReference; lastKnownFileType = sourcecode.swift; path = CalculatorApp.swift; sourceTree = "<group>"; };
		E0FB3226D80091A48C34606F /* FormulaSheetView.swift */ = {isa = PBXFileReference; lastKnownFileType = sourcecode.swift; path = FormulaSheetView.swift; sourceTree = "<group>"; };
		E4F7A8505A3C9C6ED9ECC317 /* SideMenu.swift */ = {isa = PBXFileReference; lastKnownFileType = sourcecode.swift; path = SideMenu.swift; sourceTree = "<group>"; };
		EBCA15B5345012EB58093078 /* Assets.xcassets */ = {isa = PBXFileReference; lastKnownFileType = folder.assetcatalog; path = Assets.xcassets; sourceTree = "<group>"; };
/* End PBXFileReference section */

/* Begin PBXGroup section */
		29CE2542E756B4FF55231656 /* DesignSystem */ = {
			isa = PBXGroup;
			children = (
				177CA55216DDDC589027FB19 /* DesignTokens.swift */,
				FA4F857CB3118846C81CC32E /* Color */,
				DD7974C44418E2F995AB2F1A /* Components */,
				AD61085E360C83DE0348F924 /* SideMenu */,
				D3A7DE4D656A7CC21330D1A0 /* Typography */,
			);
			path = DesignSystem;
			sourceTree = "<group>";
		};
		2A849395AD10B736B83CDABD /* Calculator */ = {
			isa = PBXGroup;
			children = (
				EBCA15B5345012EB58093078 /* Assets.xcassets */,
				5FDB9572A7B1018B9C461816 /* App */,
				C4F90B7A085EB0F07F44841E /* Core */,
				29CE2542E756B4FF55231656 /* DesignSystem */,
				8C3E0554DD6397A0524B50CE /* Features */,
			);
			path = Calculator;
			sourceTree = "<group>";
		};
		4B4C6274B4CD9FFE7747D468 /* Products */ = {
			isa = PBXGroup;
			children = (
				3DC02FF328241DAF1CBAFACD /* Calculator.app */,
			);
			name = Products;
			sourceTree = "<group>";
		};
		53CEFF8F973D864593AC8B6B /* Extensions */ = {
			isa = PBXGroup;
			children = (
				14823890265944BEC9EC5D99 /* DateExtensions.swift */,
			);
			path = Extensions;
			sourceTree = "<group>";
		};
		543C50E2C67851B8B5BE5062 /* DayCount */ = {
			isa = PBXGroup;
			children = (
				36922857AF27927201C20D47 /* DayCountView.swift */,
			);
			path = DayCount;
			sourceTree = "<group>";
		};
		5FDB9572A7B1018B9C461816 /* App */ = {
			isa = PBXGroup;
			children = (
				DCC24F3DA32A1242D6B7D766 /* CalculatorApp.swift */,
				A9091841089332DCC80AD5A7 /* ContentView.swift */,
			);
			path = App;
			sourceTree = "<group>";
		};
		6C225512BEF576A6CEBC6AF7 = {
			isa = PBXGroup;
			children = (
				2A849395AD10B736B83CDABD /* Calculator */,
				4B4C6274B4CD9FFE7747D468 /* Products */,
			);
			sourceTree = "<group>";
		};
		828ACF11DC14B82DE35544E6 /* MathTools */ = {
			isa = PBXGroup;
			children = (
				E0FB3226D80091A48C34606F /* FormulaSheetView.swift */,
				DB617DE79369F257550B0417 /* MathToolsView.swift */,
			);
			path = MathTools;
			sourceTree = "<group>";
		};
		83C4F2CC6D0742D70134A8EC /* Models */ = {
			isa = PBXGroup;
			children = (
				CCA0439ECBF3DC7534DCBBB7 /* HistoryItem.swift */,
				3587C82E6BC6FEE46CC58EBC /* SpecialPayment.swift */,
			);
			path = Models;
			sourceTree = "<group>";
		};
		8C3E0554DD6397A0524B50CE /* Features */ = {
			isa = PBXGroup;
			children = (
				543C50E2C67851B8B5BE5062 /* DayCount */,
				BFF758CB1FBF5A7F701AC8AD /* GoalCalc */,
				B6C3AA571991041F8FCAF07F /* History */,
				C7CAC740940808CEAA1D545A /* Home */,
				828ACF11DC14B82DE35544E6 /* MathTools */,
				ADF678F9AADDBBA086EA04A1 /* Warikan */,
			);
			path = Features;
			sourceTree = "<group>";
		};
		ABF96E4944ECF78B54C29808 /* Services */ = {
			isa = PBXGroup;
			children = (
				20761C52EB7E01A8BFAF1C64 /* HistoryStore.swift */,
			);
			path = Services;
			sourceTree = "<group>";
		};
		AD61085E360C83DE0348F924 /* SideMenu */ = {
			isa = PBXGroup;
			children = (
				E4F7A8505A3C9C6ED9ECC317 /* SideMenu.swift */,
				0481A2D3ECD3D4BFE3DC6DD6 /* SideMenuOverlay.swift */,
				0444C593966659BDE54DC87A /* SideMenuTriggerButton.swift */,
			);
			path = SideMenu;
			sourceTree = "<group>";
		};
		ADF678F9AADDBBA086EA04A1 /* Warikan */ = {
			isa = PBXGroup;
			children = (
				59D7F99E843611E9E056A8E4 /* SpecialPaymentRow.swift */,
				44C4EC6F1FA1758C2A83139E /* WarikanEngine.swift */,
				80EEDB091E4CBA53F6FE0B62 /* WarikanView.swift */,
			);
			path = Warikan;
			sourceTree = "<group>";
		};
		B6C3AA571991041F8FCAF07F /* History */ = {
			isa = PBXGroup;
			children = (
				029C002F53F45C5AA977D03F /* HistoryView.swift */,
			);
			path = History;
			sourceTree = "<group>";
		};
		BFF758CB1FBF5A7F701AC8AD /* GoalCalc */ = {
			isa = PBXGroup;
			children = (
				283ECE09B4EDEFAE77C5F59F /* GoalCalcView.swift */,
			);
			path = GoalCalc;
			sourceTree = "<group>";
		};
		C4F90B7A085EB0F07F44841E /* Core */ = {
			isa = PBXGroup;
			children = (
				53CEFF8F973D864593AC8B6B /* Extensions */,
				83C4F2CC6D0742D70134A8EC /* Models */,
				ABF96E4944ECF78B54C29808 /* Services */,
			);
			path = Core;
			sourceTree = "<group>";
		};
		C7CAC740940808CEAA1D545A /* Home */ = {
			isa = PBXGroup;
			children = (
				5AEA8500C448A11BF279B5A2 /* CalcDisplay.swift */,
				38E83AA3A4E2085607F8A77D /* CalcEngine.swift */,
				28346D144B3DF5FF249308AC /* CalcKeypad.swift */,
				CDDC407D7BED508130C30EC2 /* HomeCalculatorView.swift */,
				628318E5805A17A3C4DCCC59 /* SaveDialog.swift */,
			);
			path = Home;
			sourceTree = "<group>";
		};
		D3A7DE4D656A7CC21330D1A0 /* Typography */ = {
			isa = PBXGroup;
			children = (
				28046F0B775BBFE2673AFDC4 /* DynamicFontModifier.swift */,
			);
			path = Typography;
			sourceTree = "<group>";
		};
		DD7974C44418E2F995AB2F1A /* Components */ = {
			isa = PBXGroup;
			children = (
				AEA114E9008F903B917B3FEB /* CalcButton.swift */,
				8DE26E9EEFF60E2FACBDCF7D /* CardStyles.swift */,
			);
			path = Components;
			sourceTree = "<group>";
		};
		FA4F857CB3118846C81CC32E /* Color */ = {
			isa = PBXGroup;
			children = (
				68E869B6677E29EC587EBD01 /* AppTheme.swift */,
				91468411A8BF41B3741A0742 /* ColorExtensions.swift */,
			);
			path = Color;
			sourceTree = "<group>";
		};
/* End PBXGroup section */

/* Begin PBXNativeTarget section */
		1D8EB27A85F5D97675EDB9D6 /* Calculator */ = {
			isa = PBXNativeTarget;
			buildConfigurationList = 1F700D656F1DA1F1B2EA4D31 /* Build configuration list for PBXNativeTarget "Calculator" */;
			buildPhases = (
				40DE79EB170FE47D8E210C75 /* Sources */,
				E92469830613AF2BF49A2FFA /* Resources */,
			);
			buildRules = (
			);
			dependencies = (
			);
			name = Calculator;
			packageProductDependencies = (
			);
			productName = Calculator;
			productReference = 3DC02FF328241DAF1CBAFACD /* Calculator.app */;
			productType = "com.apple.product-type.application";
		};
/* End PBXNativeTarget section */

/* Begin PBXProject section */
		7B04AF00D8A7A16191845F46 /* Project object */ = {
			isa = PBXProject;
			attributes = {
				BuildIndependentTargetsInParallel = YES;
				LastUpgradeCheck = 1600;
			};
			buildConfigurationList = 237D2BA8516697622180F67A /* Build configuration list for PBXProject "Calculator" */;
			developmentRegion = en;
			hasScannedForEncodings = 0;
			knownRegions = (
				Base,
				en,
			);
			mainGroup = 6C225512BEF576A6CEBC6AF7;
			minimizedProjectReferenceProxies = 1;
			preferredProjectObjectVersion = 77;
			productRefGroup = 4B4C6274B4CD9FFE7747D468 /* Products */;
			projectDirPath = "";
			projectRoot = "";
			targets = (
				1D8EB27A85F5D97675EDB9D6 /* Calculator */,
			);
		};
/* End PBXProject section */

/* Begin PBXResourcesBuildPhase section */
		E92469830613AF2BF49A2FFA /* Resources */ = {
			isa = PBXResourcesBuildPhase;
			buildActionMask = 2147483647;
			files = (
				48584ECD12C6AFB186C45807 /* Assets.xcassets in Resources */,
			);
			runOnlyForDeploymentPostprocessing = 0;
		};
/* End PBXResourcesBuildPhase section */

/* Begin PBXSourcesBuildPhase section */
		40DE79EB170FE47D8E210C75 /* Sources */ = {
			isa = PBXSourcesBuildPhase;
			buildActionMask = 2147483647;
			files = (
				85A0681691D2A6ED91DD6A64 /* AppTheme.swift in Sources */,
				E352D55822402AE0F47BB354 /* CalcButton.swift in Sources */,
				592E038079357356DDD0EE63 /* CalcDisplay.swift in Sources */,
				30B54BB58DCDEC3468D2A2E2 /* CalcEngine.swift in Sources */,
				AC28EEC8CD31A799F81D244F /* CalcKeypad.swift in Sources */,
				1D5778294CD8EE6FE8AA57EE /* CalculatorApp.swift in Sources */,
				4A9CDA08E9C590E532D0E024 /* CardStyles.swift in Sources */,
				A33EEA92233042B7A7DFE3C7 /* ColorExtensions.swift in Sources */,
				83A0A4B0C0DC934EC8C7973E /* ContentView.swift in Sources */,
				F7BC20F0E017D93798BFD19B /* DateExtensions.swift in Sources */,
				CD4A07EC9EFE2F1CB9D2EAAA /* DayCountView.swift in Sources */,
				5D138D8782EB33104E8F7E6A /* DesignTokens.swift in Sources */,
				1F05B3448158D724047956EB /* DynamicFontModifier.swift in Sources */,
				1B340510A3470B3CEA135C14 /* FormulaSheetView.swift in Sources */,
				F977EDCD1111B8AAAA4DF44F /* GoalCalcView.swift in Sources */,
				0178B3538C6DA77B75F0C567 /* HistoryItem.swift in Sources */,
				1C4864E4543C4F126D47C257 /* HistoryStore.swift in Sources */,
				B5965FEE5A1786C3A9702333 /* HistoryView.swift in Sources */,
				64AE174A2E81D992BF76460A /* HomeCalculatorView.swift in Sources */,
				E59C57CA6DEE9A8CCEF43471 /* MathToolsView.swift in Sources */,
				BBFDEA38DA3933329E4D94A9 /* SaveDialog.swift in Sources */,
				E0F17F43B3939D6D5ABBE609 /* SideMenu.swift in Sources */,
				1C0B50159F1752185B772866 /* SideMenuOverlay.swift in Sources */,
				8B17C43407F58687675E22C7 /* SideMenuTriggerButton.swift in Sources */,
				6B8804304B29626FB103365A /* SpecialPayment.swift in Sources */,
				B89C5710431DB74388997E6D /* SpecialPaymentRow.swift in Sources */,
				102A8B628F06E4F86F2C38DA /* WarikanEngine.swift in Sources */,
				623745B3FEB82CC81053A94F /* WarikanView.swift in Sources */,
			);
			runOnlyForDeploymentPostprocessing = 0;
		};
/* End PBXSourcesBuildPhase section */

/* Begin XCBuildConfiguration section */
		0D4B67CA332A0E75758EF482 /* Release */ = {
			isa = XCBuildConfiguration;
			buildSettings = {
				ALWAYS_SEARCH_USER_PATHS = NO;
				CLANG_ANALYZER_NONNULL = YES;
				CLANG_ANALYZER_NUMBER_OBJECT_CONVERSION = YES_AGGRESSIVE;
				CLANG_CXX_LANGUAGE_STANDARD = "gnu++14";
				CLANG_CXX_LIBRARY = "libc++";
				CLANG_ENABLE_MODULES = YES;
				CLANG_ENABLE_OBJC_ARC = YES;
				CLANG_ENABLE_OBJC_WEAK = YES;
				CLANG_WARN_BLOCK_CAPTURE_AUTORELEASING = YES;
				CLANG_WARN_BOOL_CONVERSION = YES;
				CLANG_WARN_COMMA = YES;
				CLANG_WARN_CONSTANT_CONVERSION = YES;
				CLANG_WARN_DEPRECATED_OBJC_IMPLEMENTATIONS = YES;
				CLANG_WARN_DIRECT_OBJC_ISA_USAGE = YES_ERROR;
				CLANG_WARN_DOCUMENTATION_COMMENTS = YES;
				CLANG_WARN_EMPTY_BODY = YES;
				CLANG_WARN_ENUM_CONVERSION = YES;
				CLANG_WARN_INFINITE_RECURSION = YES;
				CLANG_WARN_INT_CONVERSION = YES;
				CLANG_WARN_NON_LITERAL_NULL_CONVERSION = YES;
				CLANG_WARN_OBJC_IMPLICIT_RETAIN_SELF = YES;
				CLANG_WARN_OBJC_LITERAL_CONVERSION = YES;
				CLANG_WARN_OBJC_ROOT_CLASS = YES_ERROR;
				CLANG_WARN_QUOTED_INCLUDE_IN_FRAMEWORK_HEADER = YES;
				CLANG_WARN_RANGE_LOOP_ANALYSIS = YES;
				CLANG_WARN_STRICT_PROTOTYPES = YES;
				CLANG_WARN_SUSPICIOUS_MOVE = YES;
				CLANG_WARN_UNGUARDED_AVAILABILITY = YES_AGGRESSIVE;
				CLANG_WARN_UNREACHABLE_CODE = YES;
				CLANG_WARN__DUPLICATE_METHOD_MATCH = YES;
				COPY_PHASE_STRIP = NO;
				DEBUG_INFORMATION_FORMAT = "dwarf-with-dsym";
				ENABLE_NS_ASSERTIONS = NO;
				ENABLE_STRICT_OBJC_MSGSEND = YES;
				GCC_C_LANGUAGE_STANDARD = gnu11;
				GCC_NO_COMMON_BLOCKS = YES;
				GCC_WARN_64_TO_32_BIT_CONVERSION = YES;
				GCC_WARN_ABOUT_RETURN_TYPE = YES_ERROR;
				GCC_WARN_UNDECLARED_SELECTOR = YES;
				GCC_WARN_UNINITIALIZED_AUTOS = YES_AGGRESSIVE;
				GCC_WARN_UNUSED_FUNCTION = YES;
				GCC_WARN_UNUSED_VARIABLE = YES;
				GENERATE_INFOPLIST_FILE = YES;
				INFOPLIST_KEY_UIApplicationSceneManifest_Generation = YES;
				INFOPLIST_KEY_UIApplicationSupportsIndirectInputEvents = YES;
				INFOPLIST_KEY_UILaunchScreen_Generation = YES;
				INFOPLIST_KEY_UISupportedInterfaceOrientations_iPad = "UIInterfaceOrientationPortrait UIInterfaceOrientationPortraitUpsideDown UIInterfaceOrientationLandscapeLeft UIInterfaceOrientationLandscapeRight";
				INFOPLIST_KEY_UISupportedInterfaceOrientations_iPhone = UIInterfaceOrientationPortrait;
				IPHONEOS_DEPLOYMENT_TARGET = 17.0;
				MTL_ENABLE_DEBUG_INFO = NO;
				MTL_FAST_MATH = YES;
				PRODUCT_NAME = "$(TARGET_NAME)";
				SDKROOT = iphoneos;
				SWIFT_COMPILATION_MODE = wholemodule;
				SWIFT_OPTIMIZATION_LEVEL = "-O";
				SWIFT_VERSION = 5.9;
			};
			name = Release;
		};
		33127DA67D3043532E160BF6 /* Debug */ = {
			isa = XCBuildConfiguration;
			buildSettings = {
				ASSETCATALOG_COMPILER_APPICON_NAME = AppIcon;
				ASSETCATALOG_COMPILER_GLOBAL_ACCENT_COLOR_NAME = AccentColor;
				CODE_SIGN_IDENTITY = "iPhone Developer";
				CURRENT_PROJECT_VERSION = 1;
				DEVELOPMENT_TEAM = ZD854UM35V;
				LD_RUNPATH_SEARCH_PATHS = (
					"$(inherited)",
					"@executable_path/Frameworks",
				);
				MARKETING_VERSION = 1.0.0;
				PRODUCT_BUNDLE_IDENTIFIER = com.calculator.app;
				SDKROOT = iphoneos;
				TARGETED_DEVICE_FAMILY = "1,2";
			};
			name = Debug;
		};
		A743E9E2FFD09F31CE85DC08 /* Release */ = {
			isa = XCBuildConfiguration;
			buildSettings = {
				ASSETCATALOG_COMPILER_APPICON_NAME = AppIcon;
				ASSETCATALOG_COMPILER_GLOBAL_ACCENT_COLOR_NAME = AccentColor;
				CODE_SIGN_IDENTITY = "iPhone Developer";
				CURRENT_PROJECT_VERSION = 1;
				DEVELOPMENT_TEAM = ZD854UM35V;
				LD_RUNPATH_SEARCH_PATHS = (
					"$(inherited)",
					"@executable_path/Frameworks",
				);
				MARKETING_VERSION = 1.0.0;
				PRODUCT_BUNDLE_IDENTIFIER = com.calculator.app;
				SDKROOT = iphoneos;
				TARGETED_DEVICE_FAMILY = "1,2";
			};
			name = Release;
		};
		B423FBDD3A9521C751F4BBF0 /* Debug */ = {
			isa = XCBuildConfiguration;
			buildSettings = {
				ALWAYS_SEARCH_USER_PATHS = NO;
				CLANG_ANALYZER_NONNULL = YES;
				CLANG_ANALYZER_NUMBER_OBJECT_CONVERSION = YES_AGGRESSIVE;
				CLANG_CXX_LANGUAGE_STANDARD = "gnu++14";
				CLANG_CXX_LIBRARY = "libc++";
				CLANG_ENABLE_MODULES = YES;
				CLANG_ENABLE_OBJC_ARC = YES;
				CLANG_ENABLE_OBJC_WEAK = YES;
				CLANG_WARN_BLOCK_CAPTURE_AUTORELEASING = YES;
				CLANG_WARN_BOOL_CONVERSION = YES;
				CLANG_WARN_COMMA = YES;
				CLANG_WARN_CONSTANT_CONVERSION = YES;
				CLANG_WARN_DEPRECATED_OBJC_IMPLEMENTATIONS = YES;
				CLANG_WARN_DIRECT_OBJC_ISA_USAGE = YES_ERROR;
				CLANG_WARN_DOCUMENTATION_COMMENTS = YES;
				CLANG_WARN_EMPTY_BODY = YES;
				CLANG_WARN_ENUM_CONVERSION = YES;
				CLANG_WARN_INFINITE_RECURSION = YES;
				CLANG_WARN_INT_CONVERSION = YES;
				CLANG_WARN_NON_LITERAL_NULL_CONVERSION = YES;
				CLANG_WARN_OBJC_IMPLICIT_RETAIN_SELF = YES;
				CLANG_WARN_OBJC_LITERAL_CONVERSION = YES;
				CLANG_WARN_OBJC_ROOT_CLASS = YES_ERROR;
				CLANG_WARN_QUOTED_INCLUDE_IN_FRAMEWORK_HEADER = YES;
				CLANG_WARN_RANGE_LOOP_ANALYSIS = YES;
				CLANG_WARN_STRICT_PROTOTYPES = YES;
				CLANG_WARN_SUSPICIOUS_MOVE = YES;
				CLANG_WARN_UNGUARDED_AVAILABILITY = YES_AGGRESSIVE;
				CLANG_WARN_UNREACHABLE_CODE = YES;
				CLANG_WARN__DUPLICATE_METHOD_MATCH = YES;
				COPY_PHASE_STRIP = NO;
				DEBUG_INFORMATION_FORMAT = dwarf;
				ENABLE_STRICT_OBJC_MSGSEND = YES;
				ENABLE_TESTABILITY = YES;
				GCC_C_LANGUAGE_STANDARD = gnu11;
				GCC_DYNAMIC_NO_PIC = NO;
				GCC_NO_COMMON_BLOCKS = YES;
				GCC_OPTIMIZATION_LEVEL = 0;
				GCC_PREPROCESSOR_DEFINITIONS = (
					"$(inherited)",
					"DEBUG=1",
				);
				GCC_WARN_64_TO_32_BIT_CONVERSION = YES;
				GCC_WARN_ABOUT_RETURN_TYPE = YES_ERROR;
				GCC_WARN_UNDECLARED_SELECTOR = YES;
				GCC_WARN_UNINITIALIZED_AUTOS = YES_AGGRESSIVE;
				GCC_WARN_UNUSED_FUNCTION = YES;
				GCC_WARN_UNUSED_VARIABLE = YES;
				GENERATE_INFOPLIST_FILE = YES;
				INFOPLIST_KEY_UIApplicationSceneManifest_Generation = YES;
				INFOPLIST_KEY_UIApplicationSupportsIndirectInputEvents = YES;
				INFOPLIST_KEY_UILaunchScreen_Generation = YES;
				INFOPLIST_KEY_UISupportedInterfaceOrientations_iPad = "UIInterfaceOrientationPortrait UIInterfaceOrientationPortraitUpsideDown UIInterfaceOrientationLandscapeLeft UIInterfaceOrientationLandscapeRight";
				INFOPLIST_KEY_UISupportedInterfaceOrientations_iPhone = UIInterfaceOrientationPortrait;
				IPHONEOS_DEPLOYMENT_TARGET = 17.0;
				MTL_ENABLE_DEBUG_INFO = INCLUDE_SOURCE;
				MTL_FAST_MATH = YES;
				ONLY_ACTIVE_ARCH = YES;
				PRODUCT_NAME = "$(TARGET_NAME)";
				SDKROOT = iphoneos;
				SWIFT_ACTIVE_COMPILATION_CONDITIONS = DEBUG;
				SWIFT_OPTIMIZATION_LEVEL = "-Onone";
				SWIFT_VERSION = 5.9;
			};
			name = Debug;
		};
/* End XCBuildConfiguration section */

/* Begin XCConfigurationList section */
		1F700D656F1DA1F1B2EA4D31 /* Build configuration list for PBXNativeTarget "Calculator" */ = {
			isa = XCConfigurationList;
			buildConfigurations = (
				33127DA67D3043532E160BF6 /* Debug */,
				A743E9E2FFD09F31CE85DC08 /* Release */,
			);
			defaultConfigurationIsVisible = 0;
			defaultConfigurationName = Debug;
		};
		237D2BA8516697622180F67A /* Build configuration list for PBXProject "Calculator" */ = {
			isa = XCConfigurationList;
			buildConfigurations = (
				B423FBDD3A9521C751F4BBF0 /* Debug */,
				0D4B67CA332A0E75758EF482 /* Release */,
			);
			defaultConfigurationIsVisible = 0;
			defaultConfigurationName = Debug;
		};
/* End XCConfigurationList section */
	};
	rootObject = 7B04AF00D8A7A16191845F46 /* Project object */;
}
